
Microsoft Visual Studio Solution File, Format Version 12.00
# Visual Studio Version 16
VisualStudioVersion = 16.0.29709.97
MinimumVisualStudioVersion = 10.0.40219.1
Project("{FAE04EC0-301F-11D3-BF4B-00C04F79EFBC}") = "CLass_Liabaries", "CLass-Liabaries\CLass_Liabaries.csproj", "{317E052F-176E-47FF-A40F-1B4809C1FBEF}"
EndProject
Global
	GlobalSection(SolutionConfigurationPlatforms) = preSolution
		Debug|Any CPU = Debug|Any CPU
		Release|Any CPU = Release|Any CPU
	EndGlobalSection
	GlobalSection(ProjectConfigurationPlatforms) = postSolution
		{317E052F-176E-47FF-A40F-1B4809C1FBEF}.Debug|Any CPU.ActiveCfg = Debug|Any CPU
		{317E052F-176E-47FF-A40F-1B4809C1FBEF}.Debug|Any CPU.Build.0 = Debug|Any CPU
		{317E052F-176E-47FF-A40F-1B4809C1FBEF}.Release|Any CPU.ActiveCfg = Release|Any CPU
		{317E052F-176E-47FF-A40F-1B4809C1FBEF}.Release|Any CPU.Build.0 = Release|Any CPU
	EndGlobalSection
	GlobalSection(SolutionProperties) = preSolution
		HideSolutionNode = FALSE
	EndGlobalSection
	GlobalSection(ExtensibilityGlobals) = postSolution
		SolutionGuid = {5A565765-9C10-4EE2-BED0-C17260EEC529}
	EndGlobalSection
EndGlobal
