
Microsoft Visual Studio Solution File, Format Version 12.00
# Visual Studio Version 16
VisualStudioVersion = 16.0.29709.97
MinimumVisualStudioVersion = 10.0.40219.1
Project("{FAE04EC0-301F-11D3-BF4B-00C04F79EFBC}") = "SortList", "SortList\SortList.csproj", "{BFAA2EEA-10E4-411C-B117-6CB575799447}"
EndProject
Global
	GlobalSection(SolutionConfigurationPlatforms) = preSolution
		Debug|Any CPU = Debug|Any CPU
		Release|Any CPU = Release|Any CPU
	EndGlobalSection
	GlobalSection(ProjectConfigurationPlatforms) = postSolution
		{BFAA2EEA-10E4-411C-B117-6CB575799447}.Debug|Any CPU.ActiveCfg = Debug|Any CPU
		{BFAA2EEA-10E4-411C-B117-6CB575799447}.Debug|Any CPU.Build.0 = Debug|Any CPU
		{BFAA2EEA-10E4-411C-B117-6CB575799447}.Release|Any CPU.ActiveCfg = Release|Any CPU
		{BFAA2EEA-10E4-411C-B117-6CB575799447}.Release|Any CPU.Build.0 = Release|Any CPU
	EndGlobalSection
	GlobalSection(SolutionProperties) = preSolution
		HideSolutionNode = FALSE
	EndGlobalSection
	GlobalSection(ExtensibilityGlobals) = postSolution
		SolutionGuid = {3101A7C2-6E87-4874-83DD-935963CC30D4}
	EndGlobalSection
EndGlobal
