
Microsoft Visual Studio Solution File, Format Version 12.00
# Visual Studio Version 16
VisualStudioVersion = 16.0.29709.97
MinimumVisualStudioVersion = 10.0.40219.1
Project("{FAE04EC0-301F-11D3-BF4B-00C04F79EFBC}") = "Hasha", "Hasha\Hasha.csproj", "{5578A7BC-F7E5-45D8-AFA4-DB8CEF84CFC5}"
EndProject
Global
	GlobalSection(SolutionConfigurationPlatforms) = preSolution
		Debug|Any CPU = Debug|Any CPU
		Release|Any CPU = Release|Any CPU
	EndGlobalSection
	GlobalSection(ProjectConfigurationPlatforms) = postSolution
		{5578A7BC-F7E5-45D8-AFA4-DB8CEF84CFC5}.Debug|Any CPU.ActiveCfg = Debug|Any CPU
		{5578A7BC-F7E5-45D8-AFA4-DB8CEF84CFC5}.Debug|Any CPU.Build.0 = Debug|Any CPU
		{5578A7BC-F7E5-45D8-AFA4-DB8CEF84CFC5}.Release|Any CPU.ActiveCfg = Release|Any CPU
		{5578A7BC-F7E5-45D8-AFA4-DB8CEF84CFC5}.Release|Any CPU.Build.0 = Release|Any CPU
	EndGlobalSection
	GlobalSection(SolutionProperties) = preSolution
		HideSolutionNode = FALSE
	EndGlobalSection
	GlobalSection(ExtensibilityGlobals) = postSolution
		SolutionGuid = {2704EB33-1000-4F76-B170-C87B6F30869C}
	EndGlobalSection
EndGlobal
