
Microsoft Visual Studio Solution File, Format Version 12.00
# Visual Studio Version 16
VisualStudioVersion = 16.0.29709.97
MinimumVisualStudioVersion = 10.0.40219.1
Project("{FAE04EC0-301F-11D3-BF4B-00C04F79EFBC}") = "SortedLis", "SortedLis\SortedLis.csproj", "{93631CE0-587D-417F-A2F4-F6DC2063E9D4}"
EndProject
Global
	GlobalSection(SolutionConfigurationPlatforms) = preSolution
		Debug|Any CPU = Debug|Any CPU
		Release|Any CPU = Release|Any CPU
	EndGlobalSection
	GlobalSection(ProjectConfigurationPlatforms) = postSolution
		{93631CE0-587D-417F-A2F4-F6DC2063E9D4}.Debug|Any CPU.ActiveCfg = Debug|Any CPU
		{93631CE0-587D-417F-A2F4-F6DC2063E9D4}.Debug|Any CPU.Build.0 = Debug|Any CPU
		{93631CE0-587D-417F-A2F4-F6DC2063E9D4}.Release|Any CPU.ActiveCfg = Release|Any CPU
		{93631CE0-587D-417F-A2F4-F6DC2063E9D4}.Release|Any CPU.Build.0 = Release|Any CPU
	EndGlobalSection
	GlobalSection(SolutionProperties) = preSolution
		HideSolutionNode = FALSE
	EndGlobalSection
	GlobalSection(ExtensibilityGlobals) = postSolution
		SolutionGuid = {E08D9299-B439-4A79-966A-C9843AB4F8B9}
	EndGlobalSection
EndGlobal
