
Microsoft Visual Studio Solution File, Format Version 12.00
# Visual Studio Version 16
VisualStudioVersion = 16.0.29709.97
MinimumVisualStudioVersion = 10.0.40219.1
Project("{FAE04EC0-301F-11D3-BF4B-00C04F79EFBC}") = "Xxml", "Xxml\Xxml.csproj", "{CC856866-6C73-4247-9B02-F446B686E74C}"
EndProject
Global
	GlobalSection(SolutionConfigurationPlatforms) = preSolution
		Debug|Any CPU = Debug|Any CPU
		Release|Any CPU = Release|Any CPU
	EndGlobalSection
	GlobalSection(ProjectConfigurationPlatforms) = postSolution
		{CC856866-6C73-4247-9B02-F446B686E74C}.Debug|Any CPU.ActiveCfg = Debug|Any CPU
		{CC856866-6C73-4247-9B02-F446B686E74C}.Debug|Any CPU.Build.0 = Debug|Any CPU
		{CC856866-6C73-4247-9B02-F446B686E74C}.Release|Any CPU.ActiveCfg = Release|Any CPU
		{CC856866-6C73-4247-9B02-F446B686E74C}.Release|Any CPU.Build.0 = Release|Any CPU
	EndGlobalSection
	GlobalSection(SolutionProperties) = preSolution
		HideSolutionNode = FALSE
	EndGlobalSection
	GlobalSection(ExtensibilityGlobals) = postSolution
		SolutionGuid = {B3E9E2F8-4693-4728-B20C-3F52F7C7921F}
	EndGlobalSection
EndGlobal
