
Microsoft Visual Studio Solution File, Format Version 12.00
# Visual Studio 15
VisualStudioVersion = 15.0.26730.16
MinimumVisualStudioVersion = 10.0.40219.1
Project("{FAE04EC0-301F-11D3-BF4B-00C04F79EFBC}") = "ConsoleApp3", "ConsoleApp3\ConsoleApp3.csproj", "{961B2D97-56BC-4504-829F-5915387906CB}"
EndProject
Global
	GlobalSection(SolutionConfigurationPlatforms) = preSolution
		Debug|Any CPU = Debug|Any CPU
		Release|Any CPU = Release|Any CPU
	EndGlobalSection
	GlobalSection(ProjectConfigurationPlatforms) = postSolution
		{961B2D97-56BC-4504-829F-5915387906CB}.Debug|Any CPU.ActiveCfg = Debug|Any CPU
		{961B2D97-56BC-4504-829F-5915387906CB}.Debug|Any CPU.Build.0 = Debug|Any CPU
		{961B2D97-56BC-4504-829F-5915387906CB}.Release|Any CPU.ActiveCfg = Release|Any CPU
		{961B2D97-56BC-4504-829F-5915387906CB}.Release|Any CPU.Build.0 = Release|Any CPU
	EndGlobalSection
	GlobalSection(SolutionProperties) = preSolution
		HideSolutionNode = FALSE
	EndGlobalSection
	GlobalSection(ExtensibilityGlobals) = postSolution
		SolutionGuid = {66DE40D7-8F55-430D-A65A-3534CFBFB8E1}
	EndGlobalSection
EndGlobal
